// !$*UTF8*$!
{
	archiveVersion = 1;
	classes = {
	};
	objectVersion = 55;
	objects = {

/* Begin PBXBuildFile section */
		63D611C627D27E3A00515E6B /* AppDelegate.swift in Sources */ = {isa = PBXBuildFile; fileRef = 63D611C527D27E3A00515E6B /* AppDelegate.swift */; };
		63D611C827D27E3A00515E6B /* SceneDelegate.swift in Sources */ = {isa = PBXBuildFile; fileRef = 63D611C727D27E3A00515E6B /* SceneDelegate.swift */; };
		63D611CA27D27E3A00515E6B /* ViewController.swift in Sources */ = {isa = PBXBuildFile; fileRef = 63D611C927D27E3A00515E6B /* ViewController.swift */; };
		63D611CD27D27E3A00515E6B /* Main.storyboard in Resources */ = {isa = PBXBuildFile; fileRef = 63D611CB27D27E3A00515E6B /* Main.storyboard */; };
		63D611CF27D27E3B00515E6B /* Assets.xcassets in Resources */ = {isa = PBXBuildFile; fileRef = 63D611CE27D27E3B00515E6B /* Assets.xcassets */; };
		63D611D227D27E3B00515E6B /* LaunchScreen.storyboard in Resources */ = {isa = PBXBuildFile; fileRef = 63D611D027D27E3B00515E6B /* LaunchScreen.storyboard */; };
		63D611DD27D29EDE00515E6B /* NASAModel.swift in Sources */ = {isa = PBXBuildFile; fileRef = 63D611DC27D29EDD00515E6B /* NASAModel.swift */; };
		63D611DF27D2A32900515E6B /* NASAViewModel.swift in Sources */ = {isa = PBXBuildFile; fileRef = 63D611DE27D2A32900515E6B /* NASAViewModel.swift */; };
		63D611E427D4D60B00515E6B /* APIService.swift in Sources */ = {isa = PBXBuildFile; fileRef = 63D611E327D4D60B00515E6B /* APIService.swift */; };
		63D611E727D55B8D00515E6B /* Extensions.swift in Sources */ = {isa = PBXBuildFile; fileRef = 63D611E627D55B8D00515E6B /* Extensions.swift */; };
/* End PBXBuildFile section */

/* Begin PBXFileReference section */
		63D611C227D27E3A00515E6B /* NASAPictureApp.app */ = {isa = PBXFileReference; explicitFileType = wrapper.application; includeInIndex = 0; path = NASAPictureApp.app; sourceTree = BUILT_PRODUCTS_DIR; };
		63D611C527D27E3A00515E6B /* AppDelegate.swift */ = {isa = PBXFileReference; lastKnownFileType = sourcecode.swift; path = AppDelegate.swift; sourceTree = "<group>"; };
		63D611C727D27E3A00515E6B /* SceneDelegate.swift */ = {isa = PBXFileReference; lastKnownFileType = sourcecode.swift; path = SceneDelegate.swift; sourceTree = "<group>"; };
		63D611C927D27E3A00515E6B /* ViewController.swift */ = {isa = PBXFileReference; lastKnownFileType = sourcecode.swift; path = ViewController.swift; sourceTree = "<group>"; };
		63D611CC27D27E3A00515E6B /* Base */ = {isa = PBXFileReference; lastKnownFileType = file.storyboard; name = Base; path = Base.lproj/Main.storyboard; sourceTree = "<group>"; };
		63D611CE27D27E3B00515E6B /* Assets.xcassets */ = {isa = PBXFileReference; lastKnownFileType = folder.assetcatalog; path = Assets.xcassets; sourceTree = "<group>"; };
		63D611D127D27E3B00515E6B /* Base */ = {isa = PBXFileReference; lastKnownFileType = file.storyboard; name = Base; path = Base.lproj/LaunchScreen.storyboard; sourceTree = "<group>"; };
		63D611D327D27E3B00515E6B /* Info.plist */ = {isa = PBXFileReference; lastKnownFileType = text.plist.xml; path = Info.plist; sourceTree = "<group>"; };
		63D611DC27D29EDD00515E6B /* NASAModel.swift */ = {isa = PBXFileReference; lastKnownFileType = sourcecode.swift; path = NASAModel.swift; sourceTree = "<group>"; };
		63D611DE27D2A32900515E6B /* NASAViewModel.swift */ = {isa = PBXFileReference; lastKnownFileType = sourcecode.swift; path = NASAViewModel.swift; sourceTree = "<group>"; };
		63D611E327D4D60B00515E6B /* APIService.swift */ = {isa = PBXFileReference; lastKnownFileType = sourcecode.swift; path = APIService.swift; sourceTree = "<group>"; };
		63D611E627D55B8D00515E6B /* Extensions.swift */ = {isa = PBXFileReference; lastKnownFileType = sourcecode.swift; path = Extensions.swift; sourceTree = "<group>"; };
/* End PBXFileReference section */

/* Begin PBXFrameworksBuildPhase section */
		63D611BF27D27E3A00515E6B /* Frameworks */ = {
			isa = PBXFrameworksBuildPhase;
			buildActionMask = 2147483647;
			files = (
			);
			runOnlyForDeploymentPostprocessing = 0;
		};
/* End PBXFrameworksBuildPhase section */

/* Begin PBXGroup section */
		63D611B927D27E3A00515E6B = {
			isa = PBXGroup;
			children = (
				63D611C427D27E3A00515E6B /* NASAPictureApp */,
				63D611C327D27E3A00515E6B /* Products */,
			);
			sourceTree = "<group>";
		};
		63D611C327D27E3A00515E6B /* Products */ = {
			isa = PBXGroup;
			children = (
				63D611C227D27E3A00515E6B /* NASAPictureApp.app */,
			);
			name = Products;
			sourceTree = "<group>";
		};
		63D611C427D27E3A00515E6B /* NASAPictureApp */ = {
			isa = PBXGroup;
			children = (
				63D611E527D55B6700515E6B /* Extension */,
				63D611E227D4D5FD00515E6B /* API */,
				63D611DB27D2993E00515E6B /* View */,
				63D611DA27D2993300515E6B /* ViewModel */,
				63D611D927D2992D00515E6B /* Model */,
				63D611C527D27E3A00515E6B /* AppDelegate.swift */,
				63D611C727D27E3A00515E6B /* SceneDelegate.swift */,
				63D611CB27D27E3A00515E6B /* Main.storyboard */,
				63D611CE27D27E3B00515E6B /* Assets.xcassets */,
				63D611D027D27E3B00515E6B /* LaunchScreen.storyboard */,
				63D611D327D27E3B00515E6B /* Info.plist */,
			);
			path = NASAPictureApp;
			sourceTree = "<group>";
		};
		63D611D927D2992D00515E6B /* Model */ = {
			isa = PBXGroup;
			children = (
				63D611DC27D29EDD00515E6B /* NASAModel.swift */,
			);
			path = Model;
			sourceTree = "<group>";
		};
		63D611DA27D2993300515E6B /* ViewModel */ = {
			isa = PBXGroup;
			children = (
				63D611DE27D2A32900515E6B /* NASAViewModel.swift */,
			);
			path = ViewModel;
			sourceTree = "<group>";
		};
		63D611DB27D2993E00515E6B /* View */ = {
			isa = PBXGroup;
			children = (
				63D611C927D27E3A00515E6B /* ViewController.swift */,
			);
			path = View;
			sourceTree = "<group>";
		};
		63D611E227D4D5FD00515E6B /* API */ = {
			isa = PBXGroup;
			children = (
				63D611E327D4D60B00515E6B /* APIService.swift */,
			);
			path = API;
			sourceTree = "<group>";
		};
		63D611E527D55B6700515E6B /* Extension */ = {
			isa = PBXGroup;
			children = (
				63D611E627D55B8D00515E6B /* Extensions.swift */,
			);
			path = Extension;
			sourceTree = "<group>";
		};
/* End PBXGroup section */

/* Begin PBXNativeTarget section */
		63D611C127D27E3A00515E6B /* NASAPictureApp */ = {
			isa = PBXNativeTarget;
			buildConfigurationList = 63D611D627D27E3B00515E6B /* Build configuration list for PBXNativeTarget "NASAPictureApp" */;
			buildPhases = (
				63D611BE27D27E3A00515E6B /* Sources */,
				63D611BF27D27E3A00515E6B /* Frameworks */,
				63D611C027D27E3A00515E6B /* Resources */,
			);
			buildRules = (
			);
			dependencies = (
			);
			name = NASAPictureApp;
			productName = NASAPictureApp;
			productReference = 63D611C227D27E3A00515E6B /* NASAPictureApp.app */;
			productType = "com.apple.product-type.application";
		};
/* End PBXNativeTarget section */

/* Begin PBXProject section */
		63D611BA27D27E3A00515E6B /* Project object */ = {
			isa = PBXProject;
			attributes = {
				BuildIndependentTargetsInParallel = 1;
				LastSwiftUpdateCheck = 1320;
				LastUpgradeCheck = 1320;
				TargetAttributes = {
					63D611C127D27E3A00515E6B = {
						CreatedOnToolsVersion = 13.2;
					};
				};
			};
			buildConfigurationList = 63D611BD27D27E3A00515E6B /* Build configuration list for PBXProject "NASAPictureApp" */;
			compatibilityVersion = "Xcode 13.0";
			developmentRegion = en;
			hasScannedForEncodings = 0;
			knownRegions = (
				en,
				Base,
			);
			mainGroup = 63D611B927D27E3A00515E6B;
			productRefGroup = 63D611C327D27E3A00515E6B /* Products */;
			projectDirPath = "";
			projectRoot = "";
			targets = (
				63D611C127D27E3A00515E6B /* NASAPictureApp */,
			);
		};
/* End PBXProject section */

/* Begin PBXResourcesBuildPhase section */
		63D611C027D27E3A00515E6B /* Resources */ = {
			isa = PBXResourcesBuildPhase;
			buildActionMask = 2147483647;
			files = (
				63D611D227D27E3B00515E6B /* LaunchScreen.storyboard in Resources */,
				63D611CF27D27E3B00515E6B /* Assets.xcassets in Resources */,
				63D611CD27D27E3A00515E6B /* Main.storyboard in Resources */,
			);
			runOnlyForDeploymentPostprocessing = 0;
		};
/* End PBXResourcesBuildPhase section */

/* Begin PBXSourcesBuildPhase section */
		63D611BE27D27E3A00515E6B /* Sources */ = {
			isa = PBXSourcesBuildPhase;
			buildActionMask = 2147483647;
			files = (
				63D611CA27D27E3A00515E6B /* ViewController.swift in Sources */,
				63D611E427D4D60B00515E6B /* APIService.swift in Sources */,
				63D611C627D27E3A00515E6B /* AppDelegate.swift in Sources */,
				63D611DD27D29EDE00515E6B /* NASAModel.swift in Sources */,
				63D611C827D27E3A00515E6B /* SceneDelegate.swift in Sources */,
				63D611DF27D2A32900515E6B /* NASAViewModel.swift in Sources */,
				63D611E727D55B8D00515E6B /* Extensions.swift in Sources */,
			);
			runOnlyForDeploymentPostprocessing = 0;
		};
/* End PBXSourcesBuildPhase section */

/* Begin PBXVariantGroup section */
		63D611CB27D27E3A00515E6B /* Main.storyboard */ = {
			isa = PBXVariantGroup;
			children = (
				63D611CC27D27E3A00515E6B /* Base */,
			);
			name = Main.storyboard;
			sourceTree = "<group>";
		};
		63D611D027D27E3B00515E6B /* LaunchScreen.storyboard */ = {
			isa = PBXVariantGroup;
			children = (
				63D611D127D27E3B00515E6B /* Base */,
			);
			name = LaunchScreen.storyboard;
			sourceTree = "<group>";
		};
/* End PBXVariantGroup section */

/* Begin XCBuildConfiguration section */
		63D611D427D27E3B00515E6B /* Debug */ = {
			isa = XCBuildConfiguration;
			buildSettings = {
				ALWAYS_SEARCH_USER_PATHS = NO;
				CLANG_ANALYZER_NONNULL = YES;
				CLANG_ANALYZER_NUMBER_OBJECT_CONVERSION = YES_AGGRESSIVE;
				CLANG_CXX_LANGUAGE_STANDARD = "gnu++17";
				CLANG_CXX_LIBRARY = "libc++";
				CLANG_ENABLE_MODULES = YES;
				CLANG_ENABLE_OBJC_ARC = YES;
				CLANG_ENABLE_OBJC_WEAK = YES;
				CLANG_WARN_BLOCK_CAPTURE_AUTORELEASING = YES;
				CLANG_WARN_BOOL_CONVERSION = YES;
				CLANG_WARN_COMMA = YES;
				CLANG_WARN_CONSTANT_CONVERSION = YES;
				CLANG_WARN_DEPRECATED_OBJC_IMPLEMENTATIONS = YES;
				CLANG_WARN_DIRECT_OBJC_ISA_USAGE = YES_ERROR;
				CLANG_WARN_DOCUMENTATION_COMMENTS = YES;
				CLANG_WARN_EMPTY_BODY = YES;
				CLANG_WARN_ENUM_CONVERSION = YES;
				CLANG_WARN_INFINITE_RECURSION = YES;
				CLANG_WARN_INT_CONVERSION = YES;
				CLANG_WARN_NON_LITERAL_NULL_CONVERSION = YES;
				CLANG_WARN_OBJC_IMPLICIT_RETAIN_SELF = YES;
				CLANG_WARN_OBJC_LITERAL_CONVERSION = YES;
				CLANG_WARN_OBJC_ROOT_CLASS = YES_ERROR;
				CLANG_WARN_QUOTED_INCLUDE_IN_FRAMEWORK_HEADER = YES;
				CLANG_WARN_RANGE_LOOP_ANALYSIS = YES;
				CLANG_WARN_STRICT_PROTOTYPES = YES;
				CLANG_WARN_SUSPICIOUS_MOVE = YES;
				CLANG_WARN_UNGUARDED_AVAILABILITY = YES_AGGRESSIVE;
				CLANG_WARN_UNREACHABLE_CODE = YES;
				CLANG_WARN__DUPLICATE_METHOD_MATCH = YES;
				COPY_PHASE_STRIP = NO;
				DEBUG_INFORMATION_FORMAT = dwarf;
				ENABLE_STRICT_OBJC_MSGSEND = YES;
				ENABLE_TESTABILITY = YES;
				GCC_C_LANGUAGE_STANDARD = gnu11;
				GCC_DYNAMIC_NO_PIC = NO;
				GCC_NO_COMMON_BLOCKS = YES;
				GCC_OPTIMIZATION_LEVEL = 0;
				GCC_PREPROCESSOR_DEFINITIONS = (
					"DEBUG=1",
					"$(inherited)",
				);
				GCC_WARN_64_TO_32_BIT_CONVERSION = YES;
				GCC_WARN_ABOUT_RETURN_TYPE = YES_ERROR;
				GCC_WARN_UNDECLARED_SELECTOR = YES;
				GCC_WARN_UNINITIALIZED_AUTOS = YES_AGGRESSIVE;
				GCC_WARN_UNUSED_FUNCTION = YES;
				GCC_WARN_UNUSED_VARIABLE = YES;
				IPHONEOS_DEPLOYMENT_TARGET = 15.2;
				MTL_ENABLE_DEBUG_INFO = INCLUDE_SOURCE;
				MTL_FAST_MATH = YES;
				ONLY_ACTIVE_ARCH = YES;
				SDKROOT = iphoneos;
				SWIFT_ACTIVE_COMPILATION_CONDITIONS = DEBUG;
				SWIFT_OPTIMIZATION_LEVEL = "-Onone";
			};
			name = Debug;
		};
		63D611D527D27E3B00515E6B /* Release */ = {
			isa = XCBuildConfiguration;
			buildSettings = {
				ALWAYS_SEARCH_USER_PATHS = NO;
				CLANG_ANALYZER_NONNULL = YES;
				CLANG_ANALYZER_NUMBER_OBJECT_CONVERSION = YES_AGGRESSIVE;
				CLANG_CXX_LANGUAGE_STANDARD = "gnu++17";
				CLANG_CXX_LIBRARY = "libc++";
				CLANG_ENABLE_MODULES = YES;
				CLANG_ENABLE_OBJC_ARC = YES;
				CLANG_ENABLE_OBJC_WEAK = YES;
				CLANG_WARN_BLOCK_CAPTURE_AUTORELEASING = YES;
				CLANG_WARN_BOOL_CONVERSION = YES;
				CLANG_WARN_COMMA = YES;
				CLANG_WARN_CONSTANT_CONVERSION = YES;
				CLANG_WARN_DEPRECATED_OBJC_IMPLEMENTATIONS = YES;
				CLANG_WARN_DIRECT_OBJC_ISA_USAGE = YES_ERROR;
				CLANG_WARN_DOCUMENTATION_COMMENTS = YES;
				CLANG_WARN_EMPTY_BODY = YES;
				CLANG_WARN_ENUM_CONVERSION = YES;
				CLANG_WARN_INFINITE_RECURSION = YES;
				CLANG_WARN_INT_CONVERSION = YES;
				CLANG_WARN_NON_LITERAL_NULL_CONVERSION = YES;
				CLANG_WARN_OBJC_IMPLICIT_RETAIN_SELF = YES;
				CLANG_WARN_OBJC_LITERAL_CONVERSION = YES;
				CLANG_WARN_OBJC_ROOT_CLASS = YES_ERROR;
				CLANG_WARN_QUOTED_INCLUDE_IN_FRAMEWORK_HEADER = YES;
				CLANG_WARN_RANGE_LOOP_ANALYSIS = YES;
				CLANG_WARN_STRICT_PROTOTYPES = YES;
				CLANG_WARN_SUSPICIOUS_MOVE = YES;
				CLANG_WARN_UNGUARDED_AVAILABILITY = YES_AGGRESSIVE;
				CLANG_WARN_UNREACHABLE_CODE = YES;
				CLANG_WARN__DUPLICATE_METHOD_MATCH = YES;
				COPY_PHASE_STRIP = NO;
				DEBUG_INFORMATION_FORMAT = "dwarf-with-dsym";
				ENABLE_NS_ASSERTIONS = NO;
				ENABLE_STRICT_OBJC_MSGSEND = YES;
				GCC_C_LANGUAGE_STANDARD = gnu11;
				GCC_NO_COMMON_BLOCKS = YES;
				GCC_WARN_64_TO_32_BIT_CONVERSION = YES;
				GCC_WARN_ABOUT_RETURN_TYPE = YES_ERROR;
				GCC_WARN_UNDECLARED_SELECTOR = YES;
				GCC_WARN_UNINITIALIZED_AUTOS = YES_AGGRESSIVE;
				GCC_WARN_UNUSED_FUNCTION = YES;
				GCC_WARN_UNUSED_VARIABLE = YES;
				IPHONEOS_DEPLOYMENT_TARGET = 15.2;
				MTL_ENABLE_DEBUG_INFO = NO;
				MTL_FAST_MATH = YES;
				SDKROOT = iphoneos;
				SWIFT_COMPILATION_MODE = wholemodule;
				SWIFT_OPTIMIZATION_LEVEL = "-O";
				VALIDATE_PRODUCT = YES;
			};
			name = Release;
		};
		63D611D727D27E3B00515E6B /* Debug */ = {
			isa = XCBuildConfiguration;
			buildSettings = {
				ASSETCATALOG_COMPILER_APPICON_NAME = AppIcon;
				ASSETCATALOG_COMPILER_GLOBAL_ACCENT_COLOR_NAME = AccentColor;
				CODE_SIGN_STYLE = Automatic;
				CURRENT_PROJECT_VERSION = 1;
				GENERATE_INFOPLIST_FILE = YES;
				INFOPLIST_FILE = NASAPictureApp/Info.plist;
				INFOPLIST_KEY_UIApplicationSupportsIndirectInputEvents = YES;
				INFOPLIST_KEY_UILaunchStoryboardName = LaunchScreen;
				INFOPLIST_KEY_UIMainStoryboardFile = Main;
				INFOPLIST_KEY_UISupportedInterfaceOrientations_iPad = "UIInterfaceOrientationPortrait UIInterfaceOrientationPortraitUpsideDown UIInterfaceOrientationLandscapeLeft UIInterfaceOrientationLandscapeRight";
				INFOPLIST_KEY_UISupportedInterfaceOrientations_iPhone = "UIInterfaceOrientationPortrait UIInterfaceOrientationLandscapeLeft UIInterfaceOrientationLandscapeRight";
				LD_RUNPATH_SEARCH_PATHS = (
					"$(inherited)",
					"@executable_path/Frameworks",
				);
				MARKETING_VERSION = 1.0;
				PRODUCT_BUNDLE_IDENTIFIER = personal.NASAPictureApp;
				PRODUCT_NAME = "$(TARGET_NAME)";
				SWIFT_EMIT_LOC_STRINGS = YES;
				SWIFT_VERSION = 5.0;
				TARGETED_DEVICE_FAMILY = "1,2";
			};
			name = Debug;
		};
		63D611D827D27E3B00515E6B /* Release */ = {
			isa = XCBuildConfiguration;
			buildSettings = {
				ASSETCATALOG_COMPILER_APPICON_NAME = AppIcon;
				ASSETCATALOG_COMPILER_GLOBAL_ACCENT_COLOR_NAME = AccentColor;
				CODE_SIGN_STYLE = Automatic;
				CURRENT_PROJECT_VERSION = 1;
				GENERATE_INFOPLIST_FILE = YES;
				INFOPLIST_FILE = NASAPictureApp/Info.plist;
				INFOPLIST_KEY_UIApplicationSupportsIndirectInputEvents = YES;
				INFOPLIST_KEY_UILaunchStoryboardName = LaunchScreen;
				INFOPLIST_KEY_UIMainStoryboardFile = Main;
				INFOPLIST_KEY_UISupportedInterfaceOrientations_iPad = "UIInterfaceOrientationPortrait UIInterfaceOrientationPortraitUpsideDown UIInterfaceOrientationLandscapeLeft UIInterfaceOrientationLandscapeRight";
				INFOPLIST_KEY_UISupportedInterfaceOrientations_iPhone = "UIInterfaceOrientationPortrait UIInterfaceOrientationLandscapeLeft UIInterfaceOrientationLandscapeRight";
				LD_RUNPATH_SEARCH_PATHS = (
					"$(inherited)",
					"@executable_path/Frameworks",
				);
				MARKETING_VERSION = 1.0;
				PRODUCT_BUNDLE_IDENTIFIER = personal.NASAPictureApp;
				PRODUCT_NAME = "$(TARGET_NAME)";
				SWIFT_EMIT_LOC_STRINGS = YES;
				SWIFT_VERSION = 5.0;
				TARGETED_DEVICE_FAMILY = "1,2";
			};
			name = Release;
		};
/* End XCBuildConfiguration section */

/* Begin XCConfigurationList section */
		63D611BD27D27E3A00515E6B /* Build configuration list for PBXProject "NASAPictureApp" */ = {
			isa = XCConfigurationList;
			buildConfigurations = (
				63D611D427D27E3B00515E6B /* Debug */,
				63D611D527D27E3B00515E6B /* Release */,
			);
			defaultConfigurationIsVisible = 0;
			defaultConfigurationName = Release;
		};
		63D611D627D27E3B00515E6B /* Build configuration list for PBXNativeTarget "NASAPictureApp" */ = {
			isa = XCConfigurationList;
			buildConfigurations = (
				63D611D727D27E3B00515E6B /* Debug */,
				63D611D827D27E3B00515E6B /* Release */,
			);
			defaultConfigurationIsVisible = 0;
			defaultConfigurationName = Release;
		};
/* End XCConfigurationList section */
	};
	rootObject = 63D611BA27D27E3A00515E6B /* Project object */;
}
